{
	"name": "appointment-system",
	"version": "1.0.0",
	"lockfileVersion": 2,
	"requires": true,
	"packages": {
		"": {
			"name": "appointment-system",
			"version": "1.0.0",
			"license": "ISC",
			"dependencies": {
				"bootstrap": "^5.2.0-beta1",
				"bootstrap-icons": "^1.8.3",
				"date-holidays": "^3.16.7"
			}
		},
		"node_modules/argparse": {
			"version": "2.0.1",
			"resolved": "https://registry.npmjs.org/argparse/-/argparse-2.0.1.tgz",
			"integrity": "sha512-8+9WqebbFzpX9OR+Wa6O29asIogeRMzcGtAINdpMHHyAg10f05aSFVBbcEqGf/PXw1EjAZ+q2/bEBg3DvurK3Q=="
		},
		"node_modules/astronomia": {
			"version": "4.1.1",
			"resolved": "https://registry.npmjs.org/astronomia/-/astronomia-4.1.1.tgz",
			"integrity": "sha512-TcJD9lUC5eAo0/Ji7rnQauX/yQbi0yZWM+JsNr77W3OA5fsrgvuFgubLMFwfw4VlZ29cu9dG/yfJbfvuTSftjg==",
			"engines": {
				"node": ">=12.0.0"
			}
		},
		"node_modules/bootstrap": {
			"version": "5.2.0-beta1",
			"resolved": "https://registry.npmjs.org/bootstrap/-/bootstrap-5.2.0-beta1.tgz",
			"integrity": "sha512-6qbgs177WZEFY4SLQUq3tEHayYG80nfDmyTpdKi0MJqRMdS+HAoq24+YKfx6wf+nHY0rx8zrh477J1lFu4WzOA==",
			"funding": [
				{
					"type": "github",
					"url": "https://github.com/sponsors/twbs"
				},
				{
					"type": "opencollective",
					"url": "https://opencollective.com/bootstrap"
				}
			],
			"peerDependencies": {
				"@popperjs/core": "^2.11.5"
			}
		},
		"node_modules/bootstrap-icons": {
			"version": "1.8.3",
			"resolved": "https://registry.npmjs.org/bootstrap-icons/-/bootstrap-icons-1.8.3.tgz",
			"integrity": "sha512-s5kmttnbq4BXbx3Bwnj39y+t7Vc3blTtyD77W3aYQ1LlNoS3lNbbGvSYhIbg26Im8KmjScyFpHEevlPOBcIDdA=="
		},
		"node_modules/caldate": {
			"version": "2.0.3",
			"resolved": "https://registry.npmjs.org/caldate/-/caldate-2.0.3.tgz",
			"integrity": "sha512-5YqrhvP/4lVmg6JlyFff0RXUxwWY8E2B6L6AfAsABMOL/eJ60o7bRnxys847bdjxxYXxHurYMqSRDc62+vrgyQ==",
			"dependencies": {
				"moment-timezone": "^0.5.34"
			},
			"engines": {
				"node": ">=12.0.0"
			}
		},
		"node_modules/date-bengali-revised": {
			"version": "2.0.2",
			"resolved": "https://registry.npmjs.org/date-bengali-revised/-/date-bengali-revised-2.0.2.tgz",
			"integrity": "sha512-q9iDru4+TSA9k4zfm0CFHJj6nBsxP7AYgWC/qodK/i7oOIlj5K2z5IcQDtESfs/Qwqt/xJYaP86tkazd/vRptg==",
			"engines": {
				"node": ">=12.0.0"
			}
		},
		"node_modules/date-chinese": {
			"version": "2.1.4",
			"resolved": "https://registry.npmjs.org/date-chinese/-/date-chinese-2.1.4.tgz",
			"integrity": "sha512-WY+6+Qw92ZGWFvGtStmNQHEYpNa87b8IAQ5T8VKt4wqrn24lBXyyBnWI5jAIyy7h/KVwJZ06bD8l/b7yss82Ww==",
			"dependencies": {
				"astronomia": "^4.1.0"
			},
			"engines": {
				"node": ">=12.0.0"
			}
		},
		"node_modules/date-easter": {
			"version": "1.0.2",
			"resolved": "https://registry.npmjs.org/date-easter/-/date-easter-1.0.2.tgz",
			"integrity": "sha512-mpC1izx7lUSLYl4B88V2W57eNB4xS2ic+ahxK2AYUsaBTsCeHzT6K5ymUKzL9YPFf/GlygFqpiD4/NO1hxDsLw==",
			"engines": {
				"node": ">=12.0.0"
			}
		},
		"node_modules/date-holidays": {
			"version": "3.16.7",
			"resolved": "https://registry.npmjs.org/date-holidays/-/date-holidays-3.16.7.tgz",
			"integrity": "sha512-w1y4F2SCA7mnjQGPV/2+SaWfRcFHG9dFy9l1A+Ht1dVriMSVKC6Kb98DwqRpwbX1G/5+PZw2h1Q+CAbfhY1vPQ==",
			"dependencies": {
				"date-holidays-parser": "^3.4.1",
				"js-yaml": "^4.1.0",
				"lodash.omit": "^4.5.0",
				"lodash.pick": "^4.4.0",
				"prepin": "^1.0.3"
			},
			"bin": {
				"holidays2json": "scripts/holidays2json.cjs"
			},
			"engines": {
				"node": ">=12.0.0"
			}
		},
		"node_modules/date-holidays-parser": {
			"version": "3.4.1",
			"resolved": "https://registry.npmjs.org/date-holidays-parser/-/date-holidays-parser-3.4.1.tgz",
			"integrity": "sha512-mXoTd8Cp2OAyf1PSimCWmWUpQYJDCxB6j2c6SpFXHYi8natxlE0boGb+5S+X52OyzExzO9RbxSi3FvcV3GqT3g==",
			"dependencies": {
				"astronomia": "^4.1.0",
				"caldate": "^2.0.3",
				"date-bengali-revised": "^2.0.2",
				"date-chinese": "^2.1.4",
				"date-easter": "^1.0.2",
				"deepmerge": "^4.2.2",
				"jalaali-js": "^1.2.6",
				"moment-timezone": "^0.5.34"
			},
			"engines": {
				"node": ">=12.0.0"
			}
		},
		"node_modules/deepmerge": {
			"version": "4.2.2",
			"resolved": "https://registry.npmjs.org/deepmerge/-/deepmerge-4.2.2.tgz",
			"integrity": "sha512-FJ3UgI4gIl+PHZm53knsuSFpE+nESMr7M4v9QcgB7S63Kj/6WqMiFQJpBBYz1Pt+66bZpP3Q7Lye0Oo9MPKEdg==",
			"engines": {
				"node": ">=0.10.0"
			}
		},
		"node_modules/jalaali-js": {
			"version": "1.2.6",
			"resolved": "https://registry.npmjs.org/jalaali-js/-/jalaali-js-1.2.6.tgz",
			"integrity": "sha512-io974va+Qyu+UfuVX3UIAgJlxLhAMx9Y8VMfh+IG00Js7hXQo1qNQuwSiSa0xxco0SVgx5HWNkaiCcV+aZ8WPw=="
		},
		"node_modules/js-yaml": {
			"version": "4.1.0",
			"resolved": "https://registry.npmjs.org/js-yaml/-/js-yaml-4.1.0.tgz",
			"integrity": "sha512-wpxZs9NoxZaJESJGIZTyDEaYpl0FKSA+FB9aJiyemKhMwkxQg63h4T1KJgUGHpTqPDNRcmmYLugrRjJlBtWvRA==",
			"dependencies": {
				"argparse": "^2.0.1"
			},
			"bin": {
				"js-yaml": "bin/js-yaml.js"
			}
		},
		"node_modules/lodash.omit": {
			"version": "4.5.0",
			"resolved": "https://registry.npmjs.org/lodash.omit/-/lodash.omit-4.5.0.tgz",
			"integrity": "sha512-XeqSp49hNGmlkj2EJlfrQFIzQ6lXdNro9sddtQzcJY8QaoC2GO0DT7xaIokHeyM+mIT0mPMlPvkYzg2xCuHdZg=="
		},
		"node_modules/lodash.pick": {
			"version": "4.4.0",
			"resolved": "https://registry.npmjs.org/lodash.pick/-/lodash.pick-4.4.0.tgz",
			"integrity": "sha512-hXt6Ul/5yWjfklSGvLQl8vM//l3FtyHZeuelpzK6mm99pNvN9yTDruNZPEJZD1oWrqo+izBmB7oUfWgcCX7s4Q=="
		},
		"node_modules/moment": {
			"version": "2.29.4",
			"resolved": "https://registry.npmjs.org/moment/-/moment-2.29.4.tgz",
			"integrity": "sha512-5LC9SOxjSc2HF6vO2CyuTDNivEdoz2IvyJJGj6X8DJ0eFyfszE0QiEd+iXmBvUP3WHxSjFH/vIsA0EN00cgr8w==",
			"engines": {
				"node": "*"
			}
		},
		"node_modules/moment-timezone": {
			"version": "0.5.37",
			"resolved": "https://registry.npmjs.org/moment-timezone/-/moment-timezone-0.5.37.tgz",
			"integrity": "sha512-uEDzDNFhfaywRl+vwXxffjjq1q0Vzr+fcQpQ1bU0kbzorfS7zVtZnCnGc8mhWmF39d4g4YriF6kwA75mJKE/Zg==",
			"dependencies": {
				"moment": ">= 2.9.0"
			},
			"engines": {
				"node": "*"
			}
		},
		"node_modules/prepin": {
			"version": "1.0.3",
			"resolved": "https://registry.npmjs.org/prepin/-/prepin-1.0.3.tgz",
			"integrity": "sha512-0XL2hreherEEvUy0fiaGEfN/ioXFV+JpImqIzQjxk6iBg4jQ2ARKqvC4+BmRD8w/pnpD+lbxvh0Ub+z7yBEjvA==",
			"bin": {
				"prepin": "bin/prepin.js"
			}
		}
	},
	"dependencies": {
		"argparse": {
			"version": "2.0.1",
			"resolved": "https://registry.npmjs.org/argparse/-/argparse-2.0.1.tgz",
			"integrity": "sha512-8+9WqebbFzpX9OR+Wa6O29asIogeRMzcGtAINdpMHHyAg10f05aSFVBbcEqGf/PXw1EjAZ+q2/bEBg3DvurK3Q=="
		},
		"astronomia": {
			"version": "4.1.1",
			"resolved": "https://registry.npmjs.org/astronomia/-/astronomia-4.1.1.tgz",
			"integrity": "sha512-TcJD9lUC5eAo0/Ji7rnQauX/yQbi0yZWM+JsNr77W3OA5fsrgvuFgubLMFwfw4VlZ29cu9dG/yfJbfvuTSftjg=="
		},
		"bootstrap": {
			"version": "5.2.0-beta1",
			"resolved": "https://registry.npmjs.org/bootstrap/-/bootstrap-5.2.0-beta1.tgz",
			"integrity": "sha512-6qbgs177WZEFY4SLQUq3tEHayYG80nfDmyTpdKi0MJqRMdS+HAoq24+YKfx6wf+nHY0rx8zrh477J1lFu4WzOA==",
			"requires": {}
		},
		"bootstrap-icons": {
			"version": "1.8.3",
			"resolved": "https://registry.npmjs.org/bootstrap-icons/-/bootstrap-icons-1.8.3.tgz",
			"integrity": "sha512-s5kmttnbq4BXbx3Bwnj39y+t7Vc3blTtyD77W3aYQ1LlNoS3lNbbGvSYhIbg26Im8KmjScyFpHEevlPOBcIDdA=="
		},
		"caldate": {
			"version": "2.0.3",
			"resolved": "https://registry.npmjs.org/caldate/-/caldate-2.0.3.tgz",
			"integrity": "sha512-5YqrhvP/4lVmg6JlyFff0RXUxwWY8E2B6L6AfAsABMOL/eJ60o7bRnxys847bdjxxYXxHurYMqSRDc62+vrgyQ==",
			"requires": {
				"moment-timezone": "^0.5.34"
			}
		},
		"date-bengali-revised": {
			"version": "2.0.2",
			"resolved": "https://registry.npmjs.org/date-bengali-revised/-/date-bengali-revised-2.0.2.tgz",
			"integrity": "sha512-q9iDru4+TSA9k4zfm0CFHJj6nBsxP7AYgWC/qodK/i7oOIlj5K2z5IcQDtESfs/Qwqt/xJYaP86tkazd/vRptg=="
		},
		"date-chinese": {
			"version": "2.1.4",
			"resolved": "https://registry.npmjs.org/date-chinese/-/date-chinese-2.1.4.tgz",
			"integrity": "sha512-WY+6+Qw92ZGWFvGtStmNQHEYpNa87b8IAQ5T8VKt4wqrn24lBXyyBnWI5jAIyy7h/KVwJZ06bD8l/b7yss82Ww==",
			"requires": {
				"astronomia": "^4.1.0"
			}
		},
		"date-easter": {
			"version": "1.0.2",
			"resolved": "https://registry.npmjs.org/date-easter/-/date-easter-1.0.2.tgz",
			"integrity": "sha512-mpC1izx7lUSLYl4B88V2W57eNB4xS2ic+ahxK2AYUsaBTsCeHzT6K5ymUKzL9YPFf/GlygFqpiD4/NO1hxDsLw=="
		},
		"date-holidays": {
			"version": "3.16.7",
			"resolved": "https://registry.npmjs.org/date-holidays/-/date-holidays-3.16.7.tgz",
			"integrity": "sha512-w1y4F2SCA7mnjQGPV/2+SaWfRcFHG9dFy9l1A+Ht1dVriMSVKC6Kb98DwqRpwbX1G/5+PZw2h1Q+CAbfhY1vPQ==",
			"requires": {
				"date-holidays-parser": "^3.4.1",
				"js-yaml": "^4.1.0",
				"lodash.omit": "^4.5.0",
				"lodash.pick": "^4.4.0",
				"prepin": "^1.0.3"
			}
		},
		"date-holidays-parser": {
			"version": "3.4.1",
			"resolved": "https://registry.npmjs.org/date-holidays-parser/-/date-holidays-parser-3.4.1.tgz",
			"integrity": "sha512-mXoTd8Cp2OAyf1PSimCWmWUpQYJDCxB6j2c6SpFXHYi8natxlE0boGb+5S+X52OyzExzO9RbxSi3FvcV3GqT3g==",
			"requires": {
				"astronomia": "^4.1.0",
				"caldate": "^2.0.3",
				"date-bengali-revised": "^2.0.2",
				"date-chinese": "^2.1.4",
				"date-easter": "^1.0.2",
				"deepmerge": "^4.2.2",
				"jalaali-js": "^1.2.6",
				"moment-timezone": "^0.5.34"
			}
		},
		"deepmerge": {
			"version": "4.2.2",
			"resolved": "https://registry.npmjs.org/deepmerge/-/deepmerge-4.2.2.tgz",
			"integrity": "sha512-FJ3UgI4gIl+PHZm53knsuSFpE+nESMr7M4v9QcgB7S63Kj/6WqMiFQJpBBYz1Pt+66bZpP3Q7Lye0Oo9MPKEdg=="
		},
		"jalaali-js": {
			"version": "1.2.6",
			"resolved": "https://registry.npmjs.org/jalaali-js/-/jalaali-js-1.2.6.tgz",
			"integrity": "sha512-io974va+Qyu+UfuVX3UIAgJlxLhAMx9Y8VMfh+IG00Js7hXQo1qNQuwSiSa0xxco0SVgx5HWNkaiCcV+aZ8WPw=="
		},
		"js-yaml": {
			"version": "4.1.0",
			"resolved": "https://registry.npmjs.org/js-yaml/-/js-yaml-4.1.0.tgz",
			"integrity": "sha512-wpxZs9NoxZaJESJGIZTyDEaYpl0FKSA+FB9aJiyemKhMwkxQg63h4T1KJgUGHpTqPDNRcmmYLugrRjJlBtWvRA==",
			"requires": {
				"argparse": "^2.0.1"
			}
		},
		"lodash.omit": {
			"version": "4.5.0",
			"resolved": "https://registry.npmjs.org/lodash.omit/-/lodash.omit-4.5.0.tgz",
			"integrity": "sha512-XeqSp49hNGmlkj2EJlfrQFIzQ6lXdNro9sddtQzcJY8QaoC2GO0DT7xaIokHeyM+mIT0mPMlPvkYzg2xCuHdZg=="
		},
		"lodash.pick": {
			"version": "4.4.0",
			"resolved": "https://registry.npmjs.org/lodash.pick/-/lodash.pick-4.4.0.tgz",
			"integrity": "sha512-hXt6Ul/5yWjfklSGvLQl8vM//l3FtyHZeuelpzK6mm99pNvN9yTDruNZPEJZD1oWrqo+izBmB7oUfWgcCX7s4Q=="
		},
		"moment": {
			"version": "2.29.4",
			"resolved": "https://registry.npmjs.org/moment/-/moment-2.29.4.tgz",
			"integrity": "sha512-5LC9SOxjSc2HF6vO2CyuTDNivEdoz2IvyJJGj6X8DJ0eFyfszE0QiEd+iXmBvUP3WHxSjFH/vIsA0EN00cgr8w=="
		},
		"moment-timezone": {
			"version": "0.5.37",
			"resolved": "https://registry.npmjs.org/moment-timezone/-/moment-timezone-0.5.37.tgz",
			"integrity": "sha512-uEDzDNFhfaywRl+vwXxffjjq1q0Vzr+fcQpQ1bU0kbzorfS7zVtZnCnGc8mhWmF39d4g4YriF6kwA75mJKE/Zg==",
			"requires": {
				"moment": ">= 2.9.0"
			}
		},
		"prepin": {
			"version": "1.0.3",
			"resolved": "https://registry.npmjs.org/prepin/-/prepin-1.0.3.tgz",
			"integrity": "sha512-0XL2hreherEEvUy0fiaGEfN/ioXFV+JpImqIzQjxk6iBg4jQ2ARKqvC4+BmRD8w/pnpD+lbxvh0Ub+z7yBEjvA=="
		}
	}
}
